{
  "lockfileVersion": 1,
  "configVersion": 1,
  "workspaces": {
    "": {
      "name": "vault-review",
      "devDependencies": {
        "@biomejs/biome": "^2.4.3",
        "@types/node": "^25.3.0",
        "obsidian": "^1.12.2",
        "typescript": "^5.9.3",
      },
    },
  },
  "packages": {
    "@biomejs/biome": ["@biomejs/biome@2.4.3", "", { "optionalDependencies": { "@biomejs/cli-darwin-arm64": "2.4.3", "@biomejs/cli-darwin-x64": "2.4.3", "@biomejs/cli-linux-arm64": "2.4.3", "@biomejs/cli-linux-arm64-musl": "2.4.3", "@biomejs/cli-linux-x64": "2.4.3", "@biomejs/cli-linux-x64-musl": "2.4.3", "@biomejs/cli-win32-arm64": "2.4.3", "@biomejs/cli-win32-x64": "2.4.3" }, "bin": { "biome": "bin/biome" } }, "sha512-cBrjf6PNF6yfL8+kcNl85AjiK2YHNsbU0EvDOwiZjBPbMbQ5QcgVGFpjD0O52p8nec5O8NYw7PKw3xUR7fPAkQ=="],

    "@biomejs/cli-darwin-arm64": ["@biomejs/cli-darwin-arm64@2.4.3", "", { "os": "darwin", "cpu": "arm64" }, "sha512-eOafSFlI/CF4id2tlwq9CVHgeEqvTL5SrhWff6ZORp6S3NL65zdsR3ugybItkgF8Pf4D9GSgtbB6sE3UNgOM9w=="],

    "@biomejs/cli-darwin-x64": ["@biomejs/cli-darwin-x64@2.4.3", "", { "os": "darwin", "cpu": "x64" }, "sha512-V2+av4ilbWcBMNufTtMMXVW00nPwyIjI5qf7n9wSvUaZ+tt0EvMGk46g9sAFDJBEDOzSyoRXiSP6pCvKTOEbPA=="],

    "@biomejs/cli-linux-arm64": ["@biomejs/cli-linux-arm64@2.4.3", "", { "os": "linux", "cpu": "arm64" }, "sha512-0m+O0x9FgK99FAwDK+fiDtjs2wnqq7bvfj17KJVeCkTwT/liI+Q9njJG7lwXK0iSJVXeFNRIxukpVI3SifMYAA=="],

    "@biomejs/cli-linux-arm64-musl": ["@biomejs/cli-linux-arm64-musl@2.4.3", "", { "os": "linux", "cpu": "arm64" }, "sha512-QuFzvsGo8BA4Xm7jGX5idkw6BqFblcCPySMTvq0AhGYnhUej5VJIDJbmTKfHqwjHepZiC4fA+T5i6wmiZolZNw=="],

    "@biomejs/cli-linux-x64": ["@biomejs/cli-linux-x64@2.4.3", "", { "os": "linux", "cpu": "x64" }, "sha512-NVqh0saIU0u5OfOp/0jFdlKRE59+XyMvWmtx0f6Nm/2OpdxBl04coRIftBbY9d1gfu+23JVv4CItAqPYrjYh5w=="],

    "@biomejs/cli-linux-x64-musl": ["@biomejs/cli-linux-x64-musl@2.4.3", "", { "os": "linux", "cpu": "x64" }, "sha512-qEc0OCpj/uytruQ4wLM0yWNJLZy0Up8H1Er5MW3SrstqM6J2d4XqdNA86xzCy8MQCHpoVZ3lFye3GBlIL4/ljw=="],

    "@biomejs/cli-win32-arm64": ["@biomejs/cli-win32-arm64@2.4.3", "", { "os": "win32", "cpu": "arm64" }, "sha512-gRO96vrIARilv/Cp2ZnmNNL5LSZg3RO75GPp13hsLO3N4YVpE7saaMDp2bcyV48y2N2Pbit1brkGVGta0yd6VQ=="],

    "@biomejs/cli-win32-x64": ["@biomejs/cli-win32-x64@2.4.3", "", { "os": "win32", "cpu": "x64" }, "sha512-vSm/vOJe06pf14aGHfHl3Ar91Nlx4YYmohElDJ+17UbRwe99n987S/MhAlQOkONqf1utJor04ChkCPmKb8SWdw=="],

    "@codemirror/state": ["@codemirror/state@6.5.0", "", { "dependencies": { "@marijn/find-cluster-break": "^1.0.0" } }, "sha512-MwBHVK60IiIHDcoMet78lxt6iw5gJOGSbNbOIVBHWVXIH4/Nq1+GQgLLGgI1KlnN86WDXsPudVaqYHKBIx7Eyw=="],

    "@codemirror/view": ["@codemirror/view@6.38.6", "", { "dependencies": { "@codemirror/state": "^6.5.0", "crelt": "^1.0.6", "style-mod": "^4.1.0", "w3c-keyname": "^2.2.4" } }, "sha512-qiS0z1bKs5WOvHIAC0Cybmv4AJSkAXgX5aD6Mqd2epSLlVJsQl8NG23jCVouIgkh4All/mrbdsf2UOLFnJw0tw=="],

    "@marijn/find-cluster-break": ["@marijn/find-cluster-break@1.0.2", "", {}, "sha512-l0h88YhZFyKdXIFNfSWpyjStDjGHwZ/U7iobcK1cQQD8sejsONdQtTVU+1wVN1PBw40PiiHB1vA5S7VTfQiP9g=="],

    "@types/codemirror": ["@types/codemirror@5.60.8", "", { "dependencies": { "@types/tern": "*" } }, "sha512-VjFgDF/eB+Aklcy15TtOTLQeMjTo07k7KAjql8OK5Dirr7a6sJY4T1uVBDuTVG9VEmn1uUsohOpYnVfgC6/jyw=="],

    "@types/estree": ["@types/estree@1.0.8", "", {}, "sha512-dWHzHa2WqEXI/O1E9OjrocMTKJl2mSrEolh1Iomrv6U+JuNwaHXsXx9bLu5gG7BUWFIN0skIQJQ/L1rIex4X6w=="],

    "@types/node": ["@types/node@25.3.0", "", { "dependencies": { "undici-types": "~7.18.0" } }, "sha512-4K3bqJpXpqfg2XKGK9bpDTc6xO/xoUP/RBWS7AtRMug6zZFaRekiLzjVtAoZMquxoAbzBvy5nxQ7veS5eYzf8A=="],

    "@types/tern": ["@types/tern@0.23.9", "", { "dependencies": { "@types/estree": "*" } }, "sha512-ypzHFE/wBzh+BlH6rrBgS5I/Z7RD21pGhZ2rltb/+ZrVM1awdZwjx7hE5XfuYgHWk9uvV5HLZN3SloevCAp3Bw=="],

    "crelt": ["crelt@1.0.6", "", {}, "sha512-VQ2MBenTq1fWZUH9DJNGti7kKv6EeAuYr3cLwxUWhIu1baTaXh4Ib5W2CqHVqib4/MqbYGJqiL3Zb8GJZr3l4g=="],

    "moment": ["moment@2.29.4", "", {}, "sha512-5LC9SOxjSc2HF6vO2CyuTDNivEdoz2IvyJJGj6X8DJ0eFyfszE0QiEd+iXmBvUP3WHxSjFH/vIsA0EN00cgr8w=="],

    "obsidian": ["obsidian@1.12.2", "", { "dependencies": { "@types/codemirror": "5.60.8", "moment": "2.29.4" }, "peerDependencies": { "@codemirror/state": "6.5.0", "@codemirror/view": "6.38.6" } }, "sha512-DGAzpt6vo+sMDET/o8Zj26Bj2hbHrFsNUU8TtnzCyerO/OHksMFQnU9QEnPHVsOMstt/WnHXfC56j2r1syObWg=="],

    "style-mod": ["style-mod@4.1.3", "", {}, "sha512-i/n8VsZydrugj3Iuzll8+x/00GH2vnYsk1eomD8QiRrSAeW6ItbCQDtfXCeJHd0iwiNagqjQkvpvREEPtW3IoQ=="],

    "typescript": ["typescript@5.9.3", "", { "bin": { "tsc": "bin/tsc", "tsserver": "bin/tsserver" } }, "sha512-jl1vZzPDinLr9eUt3J/t7V6FgNEw9QjvBPdysz9KfQDD41fQrC2Y4vKQdiaUpFT4bXlb1RHhLpp8wtm6M5TgSw=="],

    "undici-types": ["undici-types@7.18.2", "", {}, "sha512-AsuCzffGHJybSaRrmr5eHr81mwJU3kjw6M+uprWvCXiNeN9SOGwQ3Jn8jb8m3Z6izVgknn1R0FTCEAP2QrLY/w=="],

    "w3c-keyname": ["w3c-keyname@2.2.8", "", {}, "sha512-dpojBhNsCNN7T82Tm7k26A6G9ML3NkhDsnw9n/eoxSRlVBB4CEtIQ/KTCLI2Fwf3ataSXRhYFkQi3SlnFwPvPQ=="],
  }
}
